
Microsoft Visual Studio Solution File, Format Version 12.00
# Visual Studio Version 17
VisualStudioVersion = 17.13.35806.99 d17.13
MinimumVisualStudioVersion = 10.0.40219.1
Project("{FAE04EC0-301F-11D3-BF4B-00C04F79EFBC}") = "GuessTheNumberTheGame", "GuessTheNumberTheGame\GuessTheNumberTheGame.csproj", "{4D6BE831-5745-4325-94A0-AC6E34940977}"
EndProject
Global
	GlobalSection(SolutionConfigurationPlatforms) = preSolution
		Debug|Any CPU = Debug|Any CPU
		Release|Any CPU = Release|Any CPU
	EndGlobalSection
	GlobalSection(ProjectConfigurationPlatforms) = postSolution
		{4D6BE831-5745-4325-94A0-AC6E34940977}.Debug|Any CPU.ActiveCfg = Debug|Any CPU
		{4D6BE831-5745-4325-94A0-AC6E34940977}.Debug|Any CPU.Build.0 = Debug|Any CPU
		{4D6BE831-5745-4325-94A0-AC6E34940977}.Release|Any CPU.ActiveCfg = Release|Any CPU
		{4D6BE831-5745-4325-94A0-AC6E34940977}.Release|Any CPU.Build.0 = Release|Any CPU
	EndGlobalSection
	GlobalSection(SolutionProperties) = preSolution
		HideSolutionNode = FALSE
	EndGlobalSection
	GlobalSection(ExtensibilityGlobals) = postSolution
		SolutionGuid = {58424F0C-2D48-4521-AB3E-B9ACAF75B17B}
	EndGlobalSection
EndGlobal
